
Microsoft Visual Studio Solution File, Format Version 12.00
# Visual Studio Version 16
VisualStudioVersion = 16.0.29613.14
MinimumVisualStudioVersion = 10.0.40219.1
Project("{9A19103F-16F7-4668-BE54-9A1E7A4F7556}") = "Clustering.BenchmarkDotNet", "Clustering.BenchmarkDotNet\Clustering.BenchmarkDotNet.csproj", "{C4F839A9-0200-4B69-97F7-60A1286114A8}"
EndProject
Project("{9A19103F-16F7-4668-BE54-9A1E7A4F7556}") = "Clustering.CreateTestData", "Clustering.CreateTestData\Clustering.CreateTestData.csproj", "{50524461-49F6-497B-A312-5D1454C27C4D}"
EndProject
Global
	GlobalSection(SolutionConfigurationPlatforms) = preSolution
		Debug|x64 = Debug|x64
		Release|x64 = Release|x64
	EndGlobalSection
	GlobalSection(ProjectConfigurationPlatforms) = postSolution
		{C4F839A9-0200-4B69-97F7-60A1286114A8}.Debug|x64.ActiveCfg = Debug|x64
		{C4F839A9-0200-4B69-97F7-60A1286114A8}.Debug|x64.Build.0 = Debug|x64
		{C4F839A9-0200-4B69-97F7-60A1286114A8}.Release|x64.ActiveCfg = Release|x64
		{C4F839A9-0200-4B69-97F7-60A1286114A8}.Release|x64.Build.0 = Release|x64
		{50524461-49F6-497B-A312-5D1454C27C4D}.Debug|x64.ActiveCfg = Debug|x64
		{50524461-49F6-497B-A312-5D1454C27C4D}.Debug|x64.Build.0 = Debug|x64
		{50524461-49F6-497B-A312-5D1454C27C4D}.Release|x64.ActiveCfg = Release|x64
		{50524461-49F6-497B-A312-5D1454C27C4D}.Release|x64.Build.0 = Release|x64
	EndGlobalSection
	GlobalSection(SolutionProperties) = preSolution
		HideSolutionNode = FALSE
	EndGlobalSection
	GlobalSection(ExtensibilityGlobals) = postSolution
		SolutionGuid = {3EFCBFCD-6791-4BF3-A9BB-ABDF5FB723CE}
	EndGlobalSection
EndGlobal
