
Microsoft Visual Studio Solution File, Format Version 12.00
# Visual Studio Version 16
VisualStudioVersion = 16.0.29613.14
MinimumVisualStudioVersion = 10.0.40219.1
Project("{9A19103F-16F7-4668-BE54-9A1E7A4F7556}") = "Clustering.BenchmarkDotNet", "Clustering.BenchmarkDotNet\Clustering.BenchmarkDotNet.csproj", "{C4F839A9-0200-4B69-97F7-60A1286114A8}"
EndProject
Project("{9A19103F-16F7-4668-BE54-9A1E7A4F7556}") = "Clustering.CreateTestData", "Clustering.CreateTestData\Clustering.CreateTestData.csproj", "{50524461-49F6-497B-A312-5D1454C27C4D}"
EndProject
Global
	GlobalSection(SolutionConfigurationPlatforms) = preSolution
		Debug_CUDA|Any CPU = Debug_CUDA|Any CPU
		Debug_CUDA|x64 = Debug_CUDA|x64
		Debug_CUDA|x86 = Debug_CUDA|x86
		Debug|Any CPU = Debug|Any CPU
		Debug|x64 = Debug|x64
		Debug|x86 = Debug|x86
		Release_CUDA|Any CPU = Release_CUDA|Any CPU
		Release_CUDA|x64 = Release_CUDA|x64
		Release_CUDA|x86 = Release_CUDA|x86
		Release|Any CPU = Release|Any CPU
		Release|x64 = Release|x64
		Release|x86 = Release|x86
	EndGlobalSection
	GlobalSection(ProjectConfigurationPlatforms) = postSolution
		{C4F839A9-0200-4B69-97F7-60A1286114A8}.Debug_CUDA|Any CPU.ActiveCfg = Debug_CUDA|x64
		{C4F839A9-0200-4B69-97F7-60A1286114A8}.Debug_CUDA|x64.ActiveCfg = Debug_CUDA|x64
		{C4F839A9-0200-4B69-97F7-60A1286114A8}.Debug_CUDA|x64.Build.0 = Debug_CUDA|x64
		{C4F839A9-0200-4B69-97F7-60A1286114A8}.Debug_CUDA|x86.ActiveCfg = Debug_CUDA|x64
		{C4F839A9-0200-4B69-97F7-60A1286114A8}.Debug|Any CPU.ActiveCfg = Debug|x64
		{C4F839A9-0200-4B69-97F7-60A1286114A8}.Debug|x64.ActiveCfg = Debug|x64
		{C4F839A9-0200-4B69-97F7-60A1286114A8}.Debug|x64.Build.0 = Debug|x64
		{C4F839A9-0200-4B69-97F7-60A1286114A8}.Debug|x86.ActiveCfg = Debug|x64
		{C4F839A9-0200-4B69-97F7-60A1286114A8}.Release_CUDA|Any CPU.ActiveCfg = Release_CUDA|x64
		{C4F839A9-0200-4B69-97F7-60A1286114A8}.Release_CUDA|x64.ActiveCfg = Release_CUDA|x64
		{C4F839A9-0200-4B69-97F7-60A1286114A8}.Release_CUDA|x64.Build.0 = Release_CUDA|x64
		{C4F839A9-0200-4B69-97F7-60A1286114A8}.Release_CUDA|x86.ActiveCfg = Release_CUDA|x64
		{C4F839A9-0200-4B69-97F7-60A1286114A8}.Release|Any CPU.ActiveCfg = Release|x64
		{C4F839A9-0200-4B69-97F7-60A1286114A8}.Release|x64.ActiveCfg = Release|x64
		{C4F839A9-0200-4B69-97F7-60A1286114A8}.Release|x64.Build.0 = Release|x64
		{C4F839A9-0200-4B69-97F7-60A1286114A8}.Release|x86.ActiveCfg = Release|x64
		{50524461-49F6-497B-A312-5D1454C27C4D}.Debug_CUDA|Any CPU.ActiveCfg = Debug_CUDA|Any CPU
		{50524461-49F6-497B-A312-5D1454C27C4D}.Debug_CUDA|Any CPU.Build.0 = Debug_CUDA|Any CPU
		{50524461-49F6-497B-A312-5D1454C27C4D}.Debug_CUDA|x64.ActiveCfg = Debug_CUDA|x64
		{50524461-49F6-497B-A312-5D1454C27C4D}.Debug_CUDA|x64.Build.0 = Debug_CUDA|x64
		{50524461-49F6-497B-A312-5D1454C27C4D}.Debug_CUDA|x86.ActiveCfg = Debug_CUDA|x86
		{50524461-49F6-497B-A312-5D1454C27C4D}.Debug_CUDA|x86.Build.0 = Debug_CUDA|x86
		{50524461-49F6-497B-A312-5D1454C27C4D}.Debug|Any CPU.ActiveCfg = Debug|Any CPU
		{50524461-49F6-497B-A312-5D1454C27C4D}.Debug|Any CPU.Build.0 = Debug|Any CPU
		{50524461-49F6-497B-A312-5D1454C27C4D}.Debug|x64.ActiveCfg = Debug|x64
		{50524461-49F6-497B-A312-5D1454C27C4D}.Debug|x64.Build.0 = Debug|x64
		{50524461-49F6-497B-A312-5D1454C27C4D}.Debug|x86.ActiveCfg = Debug|x86
		{50524461-49F6-497B-A312-5D1454C27C4D}.Debug|x86.Build.0 = Debug|x86
		{50524461-49F6-497B-A312-5D1454C27C4D}.Release_CUDA|Any CPU.ActiveCfg = Release_CUDA|Any CPU
		{50524461-49F6-497B-A312-5D1454C27C4D}.Release_CUDA|Any CPU.Build.0 = Release_CUDA|Any CPU
		{50524461-49F6-497B-A312-5D1454C27C4D}.Release_CUDA|x64.ActiveCfg = Release_CUDA|x64
		{50524461-49F6-497B-A312-5D1454C27C4D}.Release_CUDA|x64.Build.0 = Release_CUDA|x64
		{50524461-49F6-497B-A312-5D1454C27C4D}.Release_CUDA|x86.ActiveCfg = Release_CUDA|x86
		{50524461-49F6-497B-A312-5D1454C27C4D}.Release_CUDA|x86.Build.0 = Release_CUDA|x86
		{50524461-49F6-497B-A312-5D1454C27C4D}.Release|Any CPU.ActiveCfg = Release|Any CPU
		{50524461-49F6-497B-A312-5D1454C27C4D}.Release|Any CPU.Build.0 = Release|Any CPU
		{50524461-49F6-497B-A312-5D1454C27C4D}.Release|x64.ActiveCfg = Release|x64
		{50524461-49F6-497B-A312-5D1454C27C4D}.Release|x64.Build.0 = Release|x64
		{50524461-49F6-497B-A312-5D1454C27C4D}.Release|x86.ActiveCfg = Release|x86
		{50524461-49F6-497B-A312-5D1454C27C4D}.Release|x86.Build.0 = Release|x86
	EndGlobalSection
	GlobalSection(SolutionProperties) = preSolution
		HideSolutionNode = FALSE
	EndGlobalSection
	GlobalSection(ExtensibilityGlobals) = postSolution
		SolutionGuid = {3EFCBFCD-6791-4BF3-A9BB-ABDF5FB723CE}
	EndGlobalSection
EndGlobal
